# This file is autogenerated, do not edit; changes may be undone by the next 'dep ensure'.


[[projects]]
  digest = "1:4d6f036ea3fe636bcb2e89850bcdc62a771354e157cd51b8b22a2de8562bf663"
  name = "cloud.google.com/go"
  packages = ["compute/metadata"]
  pruneopts = "UT"
  revision = "c9474f2f8deb81759839474b6bd1726bbfe1c1c4"
  version = "v0.36.0"

[[projects]]
  branch = "master"
  digest = "1:f3be0a119925fc5abcf38ee2dad9fa17c2735090b54e503cd8bb8ea93b3d0668"
  name = "github.com/Showmax/go-fqdn"
  packages = ["."]
  pruneopts = "UT"
  revision = "6f60894d629f2a57e5896dd1fad6e520256ee2b7"

[[projects]]
  digest = "1:e92f5581902c345eb4ceffdcd4a854fb8f73cf436d47d837d1ec98ef1fe0a214"
  name = "github.com/StackExchange/wmi"
  packages = ["."]
  pruneopts = "UT"
  revision = "5d049714c4a64225c3c79a7cf7d02f7fb5b96338"
  version = "1.0.0"

[[projects]]
  branch = "master"
  digest = "1:1babd279669b45507262249e2d0b75358c2b2ac717227b4f909808c7391bad19"
  name = "github.com/Velocidex/ahocorasick"
  packages = ["."]
  pruneopts = "UT"
  revision = "e1c353eeaaee536ccb6ffb0ba2e97de77134a20c"

[[projects]]
  digest = "1:7eb4fdedc36c5ce400296a0726ffcde3bcb452daa74ab5675d19274f24799ad9"
  name = "github.com/Velocidex/go-yara"
  packages = ["."]
  pruneopts = "UT"
  revision = "f8d161aea90fd4496c0d4b4502282617eaec4265"
  version = "v1.1.9"

[[projects]]
  digest = "1:abd552f55bd96b48f0b2442e49d95ffa3af6faa2a4473745e8b765618925f9c2"
  name = "github.com/Velocidex/yaml"
  packages = ["."]
  pruneopts = "UT"
  revision = "841476fecdbcbc185db25640c78c17eea8db9fc3"
  version = "v2.2.3"

[[projects]]
  digest = "1:e81f98d138993c2cc169e08de69f5e8641e06b40909e372176b2076a5c7df04c"
  name = "github.com/alecthomas/participle"
  packages = [
    ".",
    "lexer",
  ]
  pruneopts = "UT"
  revision = "970ac163e3eaa95cf96536baeb4ed224af005b0a"
  version = "v0.2.0"

[[projects]]
  branch = "master"
  digest = "1:8b9e086ce740a57d5a949b1a193b52245c669f1d97ee184ae474294599ea1678"
  name = "github.com/alecthomas/repr"
  packages = ["."]
  pruneopts = "UT"
  revision = "d37bc2a10ba1a7951e19dd5dc10f7d59b142d8d7"

[[projects]]
  branch = "master"
  digest = "1:315c5f2f60c76d89b871c73f9bd5fe689cad96597afd50fb9992228ef80bdd34"
  name = "github.com/alecthomas/template"
  packages = [
    ".",
    "parse",
  ]
  pruneopts = "UT"
  revision = "a0175ee3bccc567396460bf5acd36800cb10c49c"

[[projects]]
  branch = "master"
  digest = "1:c198fdc381e898e8fb62b8eb62758195091c313ad18e52a3067366e1dda2fb3c"
  name = "github.com/alecthomas/units"
  packages = ["."]
  pruneopts = "UT"
  revision = "2efee857e7cfd4f3d0138cc3cbb1b4966962b93a"

[[projects]]
  branch = "master"
  digest = "1:d6afaeed1502aa28e80a4ed0981d570ad91b2579193404256ce672ed0a609e0d"
  name = "github.com/beorn7/perks"
  packages = ["quantile"]
  pruneopts = "UT"
  revision = "3a771d992973f24aa725d07868b467d1ddfceafb"

[[projects]]
  digest = "1:63586c59c82d8dcfc402e55fcf316813102551bcd84b564ee0a851cdeab5ad11"
  name = "github.com/c-bata/go-prompt"
  packages = ["."]
  pruneopts = "UT"
  revision = "4b35da6de174f52d037dc6e9008772ef31990ed3"
  version = "v0.2.3"

[[projects]]
  branch = "master"
  digest = "1:78097abc20f73ec968b3f67bf74deda55009caa4b801d0d04f36145c869ab3c3"
  name = "github.com/cevaris/ordered_map"
  packages = ["."]
  pruneopts = "UT"
  revision = "0efaee1733e3399a3cb88fc7d2ce340bf2e863d7"

[[projects]]
  digest = "1:e570f0b2e12c65a3405722e0791f5c9f7c9a1c5545c6e3a7f50785b1b6b209ba"
  name = "github.com/clbanning/mxj"
  packages = ["."]
  pruneopts = "UT"
  revision = "b0d71e6effe1addc982453290a91f15ba0a50922"
  version = "v1.8.4"

[[projects]]
  digest = "1:ffe9824d294da03b391f44e1ae8281281b4afc1bdaa9588c9097785e3af10cec"
  name = "github.com/davecgh/go-spew"
  packages = ["spew"]
  pruneopts = "UT"
  revision = "8991bc29aa16c548c550c7ff78260e27b9ab7c73"
  version = "v1.1.1"

[[projects]]
  digest = "1:e921c3d4324ffdcb4fd39d5f47a832f2112d44731a5f21d8ae0ccfe82e608711"
  name = "github.com/daviddengcn/go-colortext"
  packages = ["."]
  pruneopts = "UT"
  revision = "17e75f6184bc9e727756cd0d82e0af58b1fc7191"
  version = "1.0.0"

[[projects]]
  digest = "1:76dc72490af7174349349838f2fe118996381b31ea83243812a97e5a0fd5ed55"
  name = "github.com/dgrijalva/jwt-go"
  packages = ["."]
  pruneopts = "UT"
  revision = "06ea1031745cb8b3dab3f6a236daf2b0aa468b7e"
  version = "v3.2.0"

[[projects]]
  digest = "1:6f9339c912bbdda81302633ad7e99a28dfa5a639c864061f1929510a9a64aa74"
  name = "github.com/dustin/go-humanize"
  packages = ["."]
  pruneopts = "UT"
  revision = "9f541cc9db5d55bce703bd99987c9d5cb8eea45e"
  version = "v1.0.0"

[[projects]]
  digest = "1:c96d16a4451e48e2c44b2c3531fd8ec9248d822637f1911a88959ca0bcae4a64"
  name = "github.com/go-ole/go-ole"
  packages = [
    ".",
    "oleutil",
  ]
  pruneopts = "UT"
  revision = "39dc8486bd0952279431257138bc428275b86797"
  version = "v1.2.2"

[[projects]]
  digest = "1:a11f0d1b183051552e449ad457d5d5c84d0779ae69201d6390bcacf2063c9f9b"
  name = "github.com/golang/protobuf"
  packages = [
    "descriptor",
    "jsonpb",
    "proto",
    "protoc-gen-go/descriptor",
    "protoc-gen-go/generator",
    "protoc-gen-go/generator/internal/remap",
    "protoc-gen-go/plugin",
    "ptypes",
    "ptypes/any",
    "ptypes/duration",
    "ptypes/empty",
    "ptypes/struct",
    "ptypes/timestamp",
    "ptypes/wrappers",
  ]
  pruneopts = "UT"
  revision = "1d3f30b51784bec5aad268e59fd3c2fc1c2fe73f"

[[projects]]
  branch = "master"
  digest = "1:473e7c5cbc58c538bce66e0ca2a033d31a3e7d9c6d5d96c6df1657b588bddac3"
  name = "github.com/google/shlex"
  packages = ["."]
  pruneopts = "UT"
  revision = "c34317bd91bf98fab745d77b03933cf8769299fe"

[[projects]]
  digest = "1:f7463b67871bf7fe475e2c69fb0d21ead07de5188b8d7f8abf8fc961965ed841"
  name = "github.com/gorilla/schema"
  packages = ["."]
  pruneopts = "UT"
  revision = "d0e4c24cff97ae983e9847e0ed5a02dc10013d41"
  version = "v1.0.2"

[[projects]]
  digest = "1:ec9b294ee624e9b87e31a8fa39a2a7724f90ce7af2055a9248100883d9956922"
  name = "github.com/grpc-ecosystem/grpc-gateway"
  packages = [
    "internal",
    "runtime",
    "utilities",
  ]
  pruneopts = "UT"
  revision = "b7a5640779183161e8d6c3e51f60f0859b5559ba"
  version = "v1.7.0"

[[projects]]
  digest = "1:8ec8d88c248041a6df5f6574b87bc00e7e0b493881dad2e7ef47b11dc69093b5"
  name = "github.com/hashicorp/golang-lru"
  packages = [
    ".",
    "simplelru",
  ]
  pruneopts = "UT"
  revision = "20f1fb78b0740ba8c3cb143a61e86ba5c8669768"
  version = "v0.5.0"

[[projects]]
  digest = "1:0a69a1c0db3591fcefb47f115b224592c8dfa4368b7ba9fae509d5e16cdc95c8"
  name = "github.com/konsorten/go-windows-terminal-sequences"
  packages = ["."]
  pruneopts = "UT"
  revision = "5c8c8bd35d3832f5d134ae1e1e375b69a4d25242"
  version = "v1.0.1"

[[projects]]
  digest = "1:8f5579a88f14ca4029f38f7491f12f578e38d942d9343e63aaa68f14c31df053"
  name = "github.com/lestrrat-go/file-rotatelogs"
  packages = [
    ".",
    "internal/option",
  ]
  pruneopts = "UT"
  revision = "3b4f34a036f374c18d604e1b8006d9fbb9593c06"
  version = "v2.2.0"

[[projects]]
  branch = "master"
  digest = "1:8654122ef85f2bc03859b0a7ea2d36c9965888689cdac7640cceaa6edb11cff6"
  name = "github.com/lestrrat-go/strftime"
  packages = ["."]
  pruneopts = "UT"
  revision = "8b31f9c59b0feb56c456ce49a7b3d2b2e93a6f18"

[[projects]]
  digest = "1:f4e64bb62274202b95403b8ae001d0601cee01afadf60767fb0e1d239f8f1413"
  name = "github.com/magefile/mage"
  packages = [
    "internal",
    "mage",
    "mg",
    "parse",
    "sh",
  ]
  pruneopts = "UT"
  revision = "aedfce64c122eef47009b7f80c9771044753215d"
  version = "v1.8.0"

[[projects]]
  digest = "1:c658e84ad3916da105a761660dcaeb01e63416c8ec7bc62256a9b411a05fcd67"
  name = "github.com/mattn/go-colorable"
  packages = ["."]
  pruneopts = "UT"
  revision = "167de6bfdfba052fa6b2d3664c8f5272e23c9072"
  version = "v0.0.9"

[[projects]]
  digest = "1:0981502f9816113c9c8c4ac301583841855c8cf4da8c72f696b3ebedf6d0e4e5"
  name = "github.com/mattn/go-isatty"
  packages = ["."]
  pruneopts = "UT"
  revision = "6ca4dbf54d38eea1a992b3c722a76a5d1c4cb25c"
  version = "v0.0.4"

[[projects]]
  branch = "master"
  digest = "1:f734c43ec01de1063c0e281153c85c1a1897614aca08bd68477b7eaa8569a7fa"
  name = "github.com/mattn/go-pointer"
  packages = ["."]
  pruneopts = "UT"
  revision = "49522c3f37914a12a6813caf41f4a9e84d39ca0a"

[[projects]]
  branch = "master"
  digest = "1:5e6d66b03ec2df7ce14d19ad75f35d189ae56d5169813fb20eca4d076d81d37e"
  name = "github.com/mattn/go-runewidth"
  packages = ["."]
  pruneopts = "UT"
  revision = "703b5e6b11ae25aeb2af9ebb5d5fdf8fa2575211"

[[projects]]
  digest = "1:4a49346ca45376a2bba679ca0e83bec949d780d4e927931317904bad482943ec"
  name = "github.com/mattn/go-sqlite3"
  packages = ["."]
  pruneopts = "UT"
  revision = "c7c4067b79cc51e6dfdcef5c702e74b1e0fa7c75"
  version = "v1.10.0"

[[projects]]
  branch = "master"
  digest = "1:11bcfda807929a34ceb3738c9b0145358d1c58ed00acecb25b27fe432b404135"
  name = "github.com/mattn/go-tty"
  packages = ["."]
  pruneopts = "UT"
  revision = "e4f871175a2f903ed2e6353334fdccb507c1d09e"

[[projects]]
  digest = "1:ff5ebae34cfbf047d505ee150de27e60570e8c394b3b8fdbb720ff6ac71985fc"
  name = "github.com/matttproud/golang_protobuf_extensions"
  packages = ["pbutil"]
  pruneopts = "UT"
  revision = "c12348ce28de40eed0136aa2b644d0ee0650e56c"
  version = "v1.0.1"

[[projects]]
  digest = "1:abcdbf03ca6ca13d3697e2186edc1f33863bbdac2b3a44dfa39015e8903f7409"
  name = "github.com/olekukonko/tablewriter"
  packages = ["."]
  pruneopts = "UT"
  revision = "e6d60cf7ba1f42d86d54cdf5508611c4aafb3970"
  version = "v0.0.1"

[[projects]]
  digest = "1:cf31692c14422fa27c83a05292eb5cbe0fb2775972e8f1f8446a71549bd8980b"
  name = "github.com/pkg/errors"
  packages = ["."]
  pruneopts = "UT"
  revision = "ba968bfe8b2f7e042a574c888954fccecfa385b4"
  version = "v0.8.1"

[[projects]]
  branch = "master"
  digest = "1:fcb0de0dfbff6314fa0eb3672942d86054a713922b7c1bb0a690f59e6fe1ae3c"
  name = "github.com/pkg/term"
  packages = ["termios"]
  pruneopts = "UT"
  revision = "aa71e9d9e942418fbb97d80895dcea70efed297c"

[[projects]]
  digest = "1:0028cb19b2e4c3112225cd871870f2d9cf49b9b4276531f03438a88e94be86fe"
  name = "github.com/pmezard/go-difflib"
  packages = ["difflib"]
  pruneopts = "UT"
  revision = "792786c7400a136282c1664665ae0a8db921c6c2"
  version = "v1.0.0"

[[projects]]
  digest = "1:ef03fb1dae4d010196652653f00a8002e94c19bcabdc8ca5100a804ffef63a47"
  name = "github.com/prometheus/client_golang"
  packages = [
    "prometheus",
    "prometheus/internal",
    "prometheus/promauto",
    "prometheus/promhttp",
  ]
  pruneopts = "UT"
  revision = "505eaef017263e299324067d40ca2c48f6a2cf50"
  version = "v0.9.2"

[[projects]]
  branch = "master"
  digest = "1:2d5cd61daa5565187e1d96bae64dbbc6080dacf741448e9629c64fd93203b0d4"
  name = "github.com/prometheus/client_model"
  packages = ["go"]
  pruneopts = "UT"
  revision = "fd36f4220a901265f90734c3183c5f0c91daa0b8"

[[projects]]
  digest = "1:35cf6bdf68db765988baa9c4f10cc5d7dda1126a54bd62e252dbcd0b1fc8da90"
  name = "github.com/prometheus/common"
  packages = [
    "expfmt",
    "internal/bitbucket.org/ww/goautoneg",
    "model",
  ]
  pruneopts = "UT"
  revision = "cfeb6f9992ffa54aaa4f2170ade4067ee478b250"
  version = "v0.2.0"

[[projects]]
  branch = "master"
  digest = "1:f0bb332b39488b057a8671557f307997426e5c650ee738a634a0697a41e207c5"
  name = "github.com/prometheus/procfs"
  packages = [
    ".",
    "internal/util",
    "nfs",
    "xfs",
  ]
  pruneopts = "UT"
  revision = "f8d8b3f739bd91a7c0462cb55235ef63c79c9abc"

[[projects]]
  branch = "master"
  digest = "1:d38f81081a389f1466ec98192cf9115a82158854d6f01e1c23e2e7554b97db71"
  name = "github.com/rcrowley/go-metrics"
  packages = ["."]
  pruneopts = "UT"
  revision = "3113b8401b8a98917cde58f8bbd42a1b1c03b1fd"

[[projects]]
  digest = "1:1a23fdd843129ef761ffe7651bc5fe7c5b09fbe933e92783ab06cc11c37b7b37"
  name = "github.com/rifflock/lfshook"
  packages = ["."]
  pruneopts = "UT"
  revision = "b9218ef580f59a2e72dad1aa33d660150445d05a"
  version = "v2.4"

[[projects]]
  branch = "master"
  digest = "1:b450e7e26884b4aea569d00db31e6309a236ebbcec07e8ad1d869a37be66ee37"
  name = "github.com/sebdah/goldie"
  packages = ["."]
  pruneopts = "UT"
  revision = "8784dd1ab561dcf43d141f6678e9e41f3d0dff55"

[[projects]]
  digest = "1:d917313f309bda80d27274d53985bc65651f81a5b66b820749ac7f8ef061fd04"
  name = "github.com/sergi/go-diff"
  packages = ["diffmatchpatch"]
  pruneopts = "UT"
  revision = "1744e2970ca51c86172c8190fadad617561ed6e7"
  version = "v1.0.0"

[[projects]]
  digest = "1:93c93626c76feac9d1908eb494d7b24e681ac2822d2a06c236f7a797b86bd6a5"
  name = "github.com/shirou/gopsutil"
  packages = [
    "cpu",
    "disk",
    "host",
    "internal/common",
    "mem",
    "net",
    "process",
  ]
  pruneopts = "UT"
  revision = "071446942108a03a13cf0717275ad3bdbcb691b4"
  version = "v2.19.01"

[[projects]]
  branch = "master"
  digest = "1:99c6a6dab47067c9b898e8c8b13d130c6ab4ffbcc4b7cc6236c2cd0b1e344f5b"
  name = "github.com/shirou/w32"
  packages = ["."]
  pruneopts = "UT"
  revision = "bb4de0191aa41b5507caa14b0650cdbddcd9280b"

[[projects]]
  digest = "1:87c2e02fb01c27060ccc5ba7c5a407cc91147726f8f40b70cceeedbc52b1f3a8"
  name = "github.com/sirupsen/logrus"
  packages = ["."]
  pruneopts = "UT"
  revision = "e1e72e9de974bd926e5c56f83753fba2df402ce5"
  version = "v1.3.0"

[[projects]]
  digest = "1:8ff03ccc603abb0d7cce94d34b613f5f6251a9e1931eba1a3f9888a9029b055c"
  name = "github.com/stretchr/testify"
  packages = [
    "assert",
    "require",
    "suite",
  ]
  pruneopts = "UT"
  revision = "ffdc059bfe9ce6a4e144ba849dbedead332c6053"
  version = "v1.3.0"

[[projects]]
  branch = "master"
  digest = "1:e22944afcb6992d70266e5bc3586bfe0c7bc23fc4af18743b18eb398b1568a5f"
  name = "github.com/tink-ab/tempfile"
  packages = ["."]
  pruneopts = "UT"
  revision = "33beb0518f1ae76480585f0aead54fb6711c15e3"

[[projects]]
  branch = "master"
  digest = "1:4078ffacb97ad7cd3968cc7acd20552234a8eb70cf5c84a7bc9d85bdcfc9ff3e"
  name = "golang.org/x/crypto"
  packages = [
    "acme",
    "acme/autocert",
    "ssh/terminal",
  ]
  pruneopts = "UT"
  revision = "193df9c0f06f8bb35fba505183eaf0acc0136505"

[[projects]]
  branch = "master"
  digest = "1:b44d6c56a7cfd6aee571ae0f762ddee5b850535bfd90f00171696d663c0551d7"
  name = "golang.org/x/net"
  packages = [
    "context",
    "context/ctxhttp",
    "dns/dnsmessage",
    "http/httpguts",
    "http2",
    "http2/hpack",
    "idna",
    "internal/timeseries",
    "trace",
    "webdav",
    "webdav/internal/xml",
  ]
  pruneopts = "UT"
  revision = "65e2d4e15006aab9813ff8769e768bbf4bb667a0"

[[projects]]
  branch = "master"
  digest = "1:511a6232760c10dcb1ebf1ab83ef0291e2baf801f203ca6314759c5458b73a6a"
  name = "golang.org/x/oauth2"
  packages = [
    ".",
    "google",
    "internal",
    "jws",
    "jwt",
  ]
  pruneopts = "UT"
  revision = "99b60b757ec124ebb7d6b7e97f153b19c10ce163"

[[projects]]
  branch = "master"
  digest = "1:2255dd68107e6aee994770b5a2ce7bc8d680540243813f8deab11bfcb845f751"
  name = "golang.org/x/sys"
  packages = [
    "unix",
    "windows",
    "windows/registry",
    "windows/svc",
    "windows/svc/debug",
    "windows/svc/eventlog",
    "windows/svc/mgr",
  ]
  pruneopts = "UT"
  revision = "3b5209105503162ded1863c307ac66fec31120dd"

[[projects]]
  digest = "1:f85c8ec580dc0b7f57f2faa4e4339f3c7b761e51575d52110d3e2499724ca7bb"
  name = "golang.org/x/text"
  packages = [
    "collate",
    "collate/build",
    "encoding",
    "encoding/charmap",
    "encoding/internal",
    "encoding/internal/identifier",
    "encoding/unicode",
    "internal/colltab",
    "internal/gen",
    "internal/tag",
    "internal/triegen",
    "internal/ucd",
    "internal/utf8internal",
    "language",
    "runes",
    "secure/bidirule",
    "transform",
    "unicode/bidi",
    "unicode/cldr",
    "unicode/norm",
    "unicode/rangetable",
  ]
  pruneopts = "UT"
  revision = "f21a4dfb5e38f5895301dc265a8def02365cc3d0"
  version = "v0.3.0"

[[projects]]
  digest = "1:fa026a5c59bd2df343ec4a3538e6288dcf4e2ec5281d743ae82c120affe6926a"
  name = "google.golang.org/appengine"
  packages = [
    ".",
    "internal",
    "internal/app_identity",
    "internal/base",
    "internal/datastore",
    "internal/log",
    "internal/modules",
    "internal/remote_api",
    "internal/urlfetch",
    "urlfetch",
  ]
  pruneopts = "UT"
  revision = "e9657d882bb81064595ca3b56cbe2546bbabf7b1"
  version = "v1.4.0"

[[projects]]
  digest = "1:0ff5d79ff7df5c47800f11c139615b2e485efd0014b74257c1f46cb6cb3bb84d"
  name = "google.golang.org/genproto"
  packages = [
    "googleapis/api/annotations",
    "googleapis/rpc/status",
    "protobuf/field_mask",
  ]
  pruneopts = "UT"
  revision = "383e8b2c3b9e36c4076b235b32537292176bae20"

[[projects]]
  digest = "1:468bc9b39a60a4ac6726976d60d32cb0fbcaf749fea4139be8cec53fdfbd82d5"
  name = "google.golang.org/grpc"
  packages = [
    ".",
    "balancer",
    "balancer/base",
    "balancer/roundrobin",
    "binarylog/grpc_binarylog_v1",
    "codes",
    "connectivity",
    "credentials",
    "credentials/internal",
    "encoding",
    "encoding/proto",
    "grpclog",
    "internal",
    "internal/backoff",
    "internal/binarylog",
    "internal/channelz",
    "internal/envconfig",
    "internal/grpcrand",
    "internal/grpcsync",
    "internal/syscall",
    "internal/transport",
    "keepalive",
    "metadata",
    "naming",
    "peer",
    "reflection",
    "reflection/grpc_reflection_v1alpha",
    "resolver",
    "resolver/dns",
    "resolver/passthrough",
    "stats",
    "status",
    "tap",
  ]
  pruneopts = "UT"
  revision = "a02b0774206b209466313a0b525d2c738fe407eb"
  version = "v1.18.0"

[[projects]]
  digest = "1:c06d9e11d955af78ac3bbb26bd02e01d2f61f689e1a3bce2ef6fb683ef8a7f2d"
  name = "gopkg.in/alecthomas/kingpin.v2"
  packages = ["."]
  pruneopts = "UT"
  revision = "947dcec5ba9c011838740e680966fd7087a71d0d"
  version = "v2.2.6"

[[projects]]
  branch = "v3"
  digest = "1:7388652e2215a3f45d341d58766ed58317971030eb1cbd75f005f96ace8e9196"
  name = "gopkg.in/alexcesaro/quotedprintable.v3"
  packages = ["."]
  pruneopts = "UT"
  revision = "2caba252f4dc53eaf6b553000885530023f54623"

[[projects]]
  digest = "1:eebd52aee67d9f1e0af1859a584e14b1817581dd5f90d4585418c27b6a93c966"
  name = "gopkg.in/gomail.v2"
  packages = ["."]
  pruneopts = "UT"
  revision = "41f3572897373c5538c50a2402db15db079fa4fd"
  version = "2.0.0"

[[projects]]
  branch = "master"
  digest = "1:75d514507b4df5d6f42aab7cda776419d4384e904e7d0daf1f2aa7233db8eb4c"
  name = "www.velocidex.com/golang/evtx"
  packages = ["."]
  pruneopts = "UT"
  revision = "b45fe1505163c36b9bef14a414e70eb021fc4608"

[[projects]]
  branch = "master"
  digest = "1:729c8627b0644254a06cc9dfb6d3d3c97d9f115283aa2da035b54e73181e7da9"
  name = "www.velocidex.com/golang/go-ntfs"
  packages = ["."]
  pruneopts = "UT"
  revision = "5c34948f6424c10370ea1db48610d383fafc6ef7"

[[projects]]
  branch = "master"
  digest = "1:50fa2e1bd393d048eff7c785b7d453b250f4253c4ac0bbb7289d2f7691e423a3"
  name = "www.velocidex.com/golang/oleparse"
  packages = ["."]
  pruneopts = "UT"
  revision = "2bef1f5ad9e297928bd84e33b0ca976e85479aee"

[[projects]]
  branch = "master"
  digest = "1:28be96904219d006b16e69760af9dc3601045f344adeb730ab04c16f6aa81f12"
  name = "www.velocidex.com/golang/vfilter"
  packages = ["."]
  pruneopts = "UT"
  revision = "b2111909fb0b810f97613f0fec4677fb0a06cce7"

[[projects]]
  branch = "master"
  digest = "1:12948302ca43270704ba7b814214a382384652d1d4bf06fe5842e77b6fd9dfc0"
  name = "www.velocidex.com/golang/vtypes"
  packages = ["."]
  pruneopts = "UT"
  revision = "b0d509f8925b7b09358f87e60d8560ea9e8ebcd4"

[solve-meta]
  analyzer-name = "dep"
  analyzer-version = 1
  input-imports = [
    "github.com/Showmax/go-fqdn",
    "github.com/StackExchange/wmi",
    "github.com/Velocidex/ahocorasick",
    "github.com/Velocidex/go-yara",
    "github.com/Velocidex/yaml",
    "github.com/alecthomas/participle",
    "github.com/alecthomas/participle/lexer",
    "github.com/c-bata/go-prompt",
    "github.com/clbanning/mxj",
    "github.com/davecgh/go-spew/spew",
    "github.com/daviddengcn/go-colortext",
    "github.com/dgrijalva/jwt-go",
    "github.com/dustin/go-humanize",
    "github.com/go-ole/go-ole",
    "github.com/go-ole/go-ole/oleutil",
    "github.com/golang/protobuf/descriptor",
    "github.com/golang/protobuf/jsonpb",
    "github.com/golang/protobuf/proto",
    "github.com/golang/protobuf/protoc-gen-go/descriptor",
    "github.com/golang/protobuf/ptypes",
    "github.com/golang/protobuf/ptypes/any",
    "github.com/golang/protobuf/ptypes/empty",
    "github.com/google/shlex",
    "github.com/gorilla/schema",
    "github.com/grpc-ecosystem/grpc-gateway/runtime",
    "github.com/grpc-ecosystem/grpc-gateway/utilities",
    "github.com/lestrrat-go/file-rotatelogs",
    "github.com/magefile/mage/mage",
    "github.com/magefile/mage/mg",
    "github.com/magefile/mage/sh",
    "github.com/mattn/go-pointer",
    "github.com/mattn/go-sqlite3",
    "github.com/olekukonko/tablewriter",
    "github.com/pkg/errors",
    "github.com/prometheus/client_golang/prometheus",
    "github.com/prometheus/client_golang/prometheus/promauto",
    "github.com/prometheus/client_golang/prometheus/promhttp",
    "github.com/rcrowley/go-metrics",
    "github.com/rifflock/lfshook",
    "github.com/sebdah/goldie",
    "github.com/sergi/go-diff/diffmatchpatch",
    "github.com/shirou/gopsutil/disk",
    "github.com/shirou/gopsutil/host",
    "github.com/shirou/gopsutil/net",
    "github.com/shirou/gopsutil/process",
    "github.com/sirupsen/logrus",
    "github.com/stretchr/testify/assert",
    "github.com/stretchr/testify/require",
    "github.com/stretchr/testify/suite",
    "github.com/tink-ab/tempfile",
    "golang.org/x/crypto/acme/autocert",
    "golang.org/x/crypto/ssh/terminal",
    "golang.org/x/net/context",
    "golang.org/x/net/dns/dnsmessage",
    "golang.org/x/net/webdav",
    "golang.org/x/oauth2",
    "golang.org/x/oauth2/google",
    "golang.org/x/sys/windows",
    "golang.org/x/sys/windows/registry",
    "golang.org/x/sys/windows/svc",
    "golang.org/x/sys/windows/svc/debug",
    "golang.org/x/sys/windows/svc/eventlog",
    "golang.org/x/sys/windows/svc/mgr",
    "google.golang.org/genproto/googleapis/api/annotations",
    "google.golang.org/grpc",
    "google.golang.org/grpc/codes",
    "google.golang.org/grpc/credentials",
    "google.golang.org/grpc/grpclog",
    "google.golang.org/grpc/metadata",
    "google.golang.org/grpc/peer",
    "google.golang.org/grpc/reflection",
    "google.golang.org/grpc/status",
    "gopkg.in/alecthomas/kingpin.v2",
    "gopkg.in/gomail.v2",
    "www.velocidex.com/golang/evtx",
    "www.velocidex.com/golang/go-ntfs",
    "www.velocidex.com/golang/oleparse",
    "www.velocidex.com/golang/vfilter",
    "www.velocidex.com/golang/vtypes",
  ]
  solver-name = "gps-cdcl"
  solver-version = 1
